
Microsoft Visual Studio Solution File, Format Version 12.00
# Visual Studio Version 17
VisualStudioVersion = 17.14.36429.23
MinimumVisualStudioVersion = 10.0.40219.1
Project("{FAE04EC0-301F-11D3-BF4B-00C04F79EFBC}") = "BookItsUp", "BookItsUp\BookItsUp.csproj", "{C48E3088-A43E-4E56-AC90-7A3DA085CA98}"
EndProject
Project("{FAE04EC0-301F-11D3-BF4B-00C04F79EFBC}") = "BookItsUp.Domain", "Domain\BookItsUp.Domain.csproj", "{18E6B07D-12C3-42D2-A4B5-ABA43D331320}"
EndProject
Project("{FAE04EC0-301F-11D3-BF4B-00C04F79EFBC}") = "BookItsUp.DataAccess", "BookItsUp.DataAccess\BookItsUp.DataAccess.csproj", "{C30ACCC5-A8AA-4825-9D22-F5189E0F09F7}"
EndProject
Project("{FAE04EC0-301F-11D3-BF4B-00C04F79EFBC}") = "BookItsUp.Application", "BookItsUp.Application\BookItsUp.Application.csproj", "{0AA72F81-D95D-42C3-9F4C-1DA2AF0DFBDB}"
EndProject
Global
	GlobalSection(SolutionConfigurationPlatforms) = preSolution
		Debug|Any CPU = Debug|Any CPU
		Release|Any CPU = Release|Any CPU
	EndGlobalSection
	GlobalSection(ProjectConfigurationPlatforms) = postSolution
		{C48E3088-A43E-4E56-AC90-7A3DA085CA98}.Debug|Any CPU.ActiveCfg = Debug|Any CPU
		{C48E3088-A43E-4E56-AC90-7A3DA085CA98}.Debug|Any CPU.Build.0 = Debug|Any CPU
		{C48E3088-A43E-4E56-AC90-7A3DA085CA98}.Release|Any CPU.ActiveCfg = Release|Any CPU
		{C48E3088-A43E-4E56-AC90-7A3DA085CA98}.Release|Any CPU.Build.0 = Release|Any CPU
		{18E6B07D-12C3-42D2-A4B5-ABA43D331320}.Debug|Any CPU.ActiveCfg = Debug|Any CPU
		{18E6B07D-12C3-42D2-A4B5-ABA43D331320}.Debug|Any CPU.Build.0 = Debug|Any CPU
		{18E6B07D-12C3-42D2-A4B5-ABA43D331320}.Release|Any CPU.ActiveCfg = Release|Any CPU
		{18E6B07D-12C3-42D2-A4B5-ABA43D331320}.Release|Any CPU.Build.0 = Release|Any CPU
		{C30ACCC5-A8AA-4825-9D22-F5189E0F09F7}.Debug|Any CPU.ActiveCfg = Debug|Any CPU
		{C30ACCC5-A8AA-4825-9D22-F5189E0F09F7}.Debug|Any CPU.Build.0 = Debug|Any CPU
		{C30ACCC5-A8AA-4825-9D22-F5189E0F09F7}.Release|Any CPU.ActiveCfg = Release|Any CPU
		{C30ACCC5-A8AA-4825-9D22-F5189E0F09F7}.Release|Any CPU.Build.0 = Release|Any CPU
		{0AA72F81-D95D-42C3-9F4C-1DA2AF0DFBDB}.Debug|Any CPU.ActiveCfg = Debug|Any CPU
		{0AA72F81-D95D-42C3-9F4C-1DA2AF0DFBDB}.Debug|Any CPU.Build.0 = Debug|Any CPU
		{0AA72F81-D95D-42C3-9F4C-1DA2AF0DFBDB}.Release|Any CPU.ActiveCfg = Release|Any CPU
		{0AA72F81-D95D-42C3-9F4C-1DA2AF0DFBDB}.Release|Any CPU.Build.0 = Release|Any CPU
	EndGlobalSection
	GlobalSection(SolutionProperties) = preSolution
		HideSolutionNode = FALSE
	EndGlobalSection
	GlobalSection(ExtensibilityGlobals) = postSolution
		SolutionGuid = {4ED65FAD-A664-4A0C-895D-E1E06412B8C5}
	EndGlobalSection
EndGlobal
